
Microsoft Visual Studio Solution File, Format Version 12.00
# Visual Studio 15
VisualStudioVersion = 15.0.27703.2035
MinimumVisualStudioVersion = 10.0.40219.1
Project("{FAE04EC0-301F-11D3-BF4B-00C04F79EFBC}") = "AngularGrid", "AngularGrid\AngularGrid.csproj", "{7C9C4C88-32F0-4094-805A-E23BBDFA9390}"
EndProject
Global
	GlobalSection(SolutionConfigurationPlatforms) = preSolution
		Debug|Any CPU = Debug|Any CPU
		Release|Any CPU = Release|Any CPU
	EndGlobalSection
	GlobalSection(ProjectConfigurationPlatforms) = postSolution
		{7C9C4C88-32F0-4094-805A-E23BBDFA9390}.Debug|Any CPU.ActiveCfg = Debug|Any CPU
		{7C9C4C88-32F0-4094-805A-E23BBDFA9390}.Debug|Any CPU.Build.0 = Debug|Any CPU
		{7C9C4C88-32F0-4094-805A-E23BBDFA9390}.Release|Any CPU.ActiveCfg = Release|Any CPU
		{7C9C4C88-32F0-4094-805A-E23BBDFA9390}.Release|Any CPU.Build.0 = Release|Any CPU
	EndGlobalSection
	GlobalSection(SolutionProperties) = preSolution
		HideSolutionNode = FALSE
	EndGlobalSection
	GlobalSection(ExtensibilityGlobals) = postSolution
		SolutionGuid = {D762B455-567D-454B-B9CA-0B06A3340914}
	EndGlobalSection
EndGlobal
